// !$*UTF8*$!
{
	archiveVersion = 1;
	classes = {
	};
	objectVersion = 46;
	objects = {

/* Begin PBXBuildFile section */
		E129790E1B63EB07006F55C3 /* main.m in Sources */ = {isa = PBXBuildFile; fileRef = E129790D1B63EB07006F55C3 /* main.m */; };
		E12979111B63EB07006F55C3 /* AppDelegate.m in Sources */ = {isa = PBXBuildFile; fileRef = E12979101B63EB07006F55C3 /* AppDelegate.m */; };
		E12979141B63EB07006F55C3 /* ViewController.m in Sources */ = {isa = PBXBuildFile; fileRef = E12979131B63EB07006F55C3 /* ViewController.m */; };
		E12979171B63EB07006F55C3 /* Main.storyboard in Resources */ = {isa = PBXBuildFile; fileRef = E12979151B63EB07006F55C3 /* Main.storyboard */; };
		E12979191B63EB07006F55C3 /* Images.xcassets in Resources */ = {isa = PBXBuildFile; fileRef = E12979181B63EB07006F55C3 /* Images.xcassets */; };
		E129791C1B63EB07006F55C3 /* LaunchScreen.xib in Resources */ = {isa = PBXBuildFile; fileRef = E129791A1B63EB07006F55C3 /* LaunchScreen.xib */; };
		E12979281B63EB07006F55C3 /* dynamic_testTests.m in Sources */ = {isa = PBXBuildFile; fileRef = E12979271B63EB07006F55C3 /* dynamic_testTests.m */; };
/* End PBXBuildFile section */

/* Begin PBXContainerItemProxy section */
		E12979221B63EB07006F55C3 /* PBXContainerItemProxy */ = {
			isa = PBXContainerItemProxy;
			containerPortal = E12979001B63EB07006F55C3 /* Project object */;
			proxyType = 1;
			remoteGlobalIDString = E12979071B63EB07006F55C3;
			remoteInfo = "dynamic-test";
		};
/* End PBXContainerItemProxy section */

/* Begin PBXFileReference section */
		E12979081B63EB07006F55C3 /* dynamic-test.app */ = {isa = PBXFileReference; explicitFileType = wrapper.application; includeInIndex = 0; path = "dynamic-test.app"; sourceTree = BUILT_PRODUCTS_DIR; };
		E129790C1B63EB07006F55C3 /* Info.plist */ = {isa = PBXFileReference; lastKnownFileType = text.plist.xml; path = Info.plist; sourceTree = "<group>"; };
		E129790D1B63EB07006F55C3 /* main.m */ = {isa = PBXFileReference; lastKnownFileType = sourcecode.c.objc; path = main.m; sourceTree = "<group>"; };
		E129790F1B63EB07006F55C3 /* AppDelegate.h */ = {isa = PBXFileReference; lastKnownFileType = sourcecode.c.h; path = AppDelegate.h; sourceTree = "<group>"; };
		E12979101B63EB07006F55C3 /* AppDelegate.m */ = {isa = PBXFileReference; lastKnownFileType = sourcecode.c.objc; path = AppDelegate.m; sourceTree = "<group>"; };
		E12979121B63EB07006F55C3 /* ViewController.h */ = {isa = PBXFileReference; lastKnownFileType = sourcecode.c.h; path = ViewController.h; sourceTree = "<group>"; };
		E12979131B63EB07006F55C3 /* ViewController.m */ = {isa = PBXFileReference; lastKnownFileType = sourcecode.c.objc; path = ViewController.m; sourceTree = "<group>"; };
		E12979161B63EB07006F55C3 /* Base */ = {isa = PBXFileReference; lastKnownFileType = file.storyboard; name = Base; path = Base.lproj/Main.storyboard; sourceTree = "<group>"; };
		E12979181B63EB07006F55C3 /* Images.xcassets */ = {isa = PBXFileReference; lastKnownFileType = folder.assetcatalog; path = Images.xcassets; sourceTree = "<group>"; };
		E129791B1B63EB07006F55C3 /* Base */ = {isa = PBXFileReference; lastKnownFileType = file.xib; name = Base; path = Base.lproj/LaunchScreen.xib; sourceTree = "<group>"; };
		E12979211B63EB07006F55C3 /* dynamic-testTests.xctest */ = {isa = PBXFileReference; explicitFileType = wrapper.cfbundle; includeInIndex = 0; path = "dynamic-testTests.xctest"; sourceTree = BUILT_PRODUCTS_DIR; };
		E12979261B63EB07006F55C3 /* Info.plist */ = {isa = PBXFileReference; lastKnownFileType = text.plist.xml; path = Info.plist; sourceTree = "<group>"; };
		E12979271B63EB07006F55C3 /* dynamic_testTests.m */ = {isa = PBXFileReference; lastKnownFileType = sourcecode.c.objc; path = dynamic_testTests.m; sourceTree = "<group>"; };
/* End PBXFileReference section */

/* Begin PBXFrameworksBuildPhase section */
		E12979051B63EB07006F55C3 /* Frameworks */ = {
			isa = PBXFrameworksBuildPhase;
			buildActionMask = 2147483647;
			files = (
			);
			runOnlyForDeploymentPostprocessing = 0;
		};
		E129791E1B63EB07006F55C3 /* Frameworks */ = {
			isa = PBXFrameworksBuildPhase;
			buildActionMask = 2147483647;
			files = (
			);
			runOnlyForDeploymentPostprocessing = 0;
		};
/* End PBXFrameworksBuildPhase section */

/* Begin PBXGroup section */
		E12978FF1B63EB07006F55C3 = {
			isa = PBXGroup;
			children = (
				E129790A1B63EB07006F55C3 /* dynamic-test */,
				E12979241B63EB07006F55C3 /* dynamic-testTests */,
				E12979091B63EB07006F55C3 /* Products */,
			);
			sourceTree = "<group>";
		};
		E12979091B63EB07006F55C3 /* Products */ = {
			isa = PBXGroup;
			children = (
				E12979081B63EB07006F55C3 /* dynamic-test.app */,
				E12979211B63EB07006F55C3 /* dynamic-testTests.xctest */,
			);
			name = Products;
			sourceTree = "<group>";
		};
		E129790A1B63EB07006F55C3 /* dynamic-test */ = {
			isa = PBXGroup;
			children = (
				E129790F1B63EB07006F55C3 /* AppDelegate.h */,
				E12979101B63EB07006F55C3 /* AppDelegate.m */,
				E12979121B63EB07006F55C3 /* ViewController.h */,
				E12979131B63EB07006F55C3 /* ViewController.m */,
				E12979151B63EB07006F55C3 /* Main.storyboard */,
				E12979181B63EB07006F55C3 /* Images.xcassets */,
				E129791A1B63EB07006F55C3 /* LaunchScreen.xib */,
				E129790B1B63EB07006F55C3 /* Supporting Files */,
			);
			path = "dynamic-test";
			sourceTree = "<group>";
		};
		E129790B1B63EB07006F55C3 /* Supporting Files */ = {
			isa = PBXGroup;
			children = (
				E129790C1B63EB07006F55C3 /* Info.plist */,
				E129790D1B63EB07006F55C3 /* main.m */,
			);
			name = "Supporting Files";
			sourceTree = "<group>";
		};
		E12979241B63EB07006F55C3 /* dynamic-testTests */ = {
			isa = PBXGroup;
			children = (
				E12979271B63EB07006F55C3 /* dynamic_testTests.m */,
				E12979251B63EB07006F55C3 /* Supporting Files */,
			);
			path = "dynamic-testTests";
			sourceTree = "<group>";
		};
		E12979251B63EB07006F55C3 /* Supporting Files */ = {
			isa = PBXGroup;
			children = (
				E12979261B63EB07006F55C3 /* Info.plist */,
			);
			name = "Supporting Files";
			sourceTree = "<group>";
		};
/* End PBXGroup section */

/* Begin PBXNativeTarget section */
		E12979071B63EB07006F55C3 /* dynamic-test */ = {
			isa = PBXNativeTarget;
			buildConfigurationList = E129792B1B63EB07006F55C3 /* Build configuration list for PBXNativeTarget "dynamic-test" */;
			buildPhases = (
				E12979041B63EB07006F55C3 /* Sources */,
				E12979051B63EB07006F55C3 /* Frameworks */,
				E12979061B63EB07006F55C3 /* Resources */,
			);
			buildRules = (
			);
			dependencies = (
			);
			name = "dynamic-test";
			productName = "dynamic-test";
			productReference = E12979081B63EB07006F55C3 /* dynamic-test.app */;
			productType = "com.apple.product-type.application";
		};
		E12979201B63EB07006F55C3 /* dynamic-testTests */ = {
			isa = PBXNativeTarget;
			buildConfigurationList = E129792E1B63EB07006F55C3 /* Build configuration list for PBXNativeTarget "dynamic-testTests" */;
			buildPhases = (
				E129791D1B63EB07006F55C3 /* Sources */,
				E129791E1B63EB07006F55C3 /* Frameworks */,
				E129791F1B63EB07006F55C3 /* Resources */,
			);
			buildRules = (
			);
			dependencies = (
				E12979231B63EB07006F55C3 /* PBXTargetDependency */,
			);
			name = "dynamic-testTests";
			productName = "dynamic-testTests";
			productReference = E12979211B63EB07006F55C3 /* dynamic-testTests.xctest */;
			productType = "com.apple.product-type.bundle.unit-test";
		};
/* End PBXNativeTarget section */

/* Begin PBXProject section */
		E12979001B63EB07006F55C3 /* Project object */ = {
			isa = PBXProject;
			attributes = {
				LastUpgradeCheck = 0640;
				ORGANIZATIONNAME = "Anton Minin";
				TargetAttributes = {
					E12979071B63EB07006F55C3 = {
						CreatedOnToolsVersion = 6.4;
					};
					E12979201B63EB07006F55C3 = {
						CreatedOnToolsVersion = 6.4;
						TestTargetID = E12979071B63EB07006F55C3;
					};
				};
			};
			buildConfigurationList = E12979031B63EB07006F55C3 /* Build configuration list for PBXProject "dynamic-test" */;
			compatibilityVersion = "Xcode 3.2";
			developmentRegion = English;
			hasScannedForEncodings = 0;
			knownRegions = (
				en,
				Base,
			);
			mainGroup = E12978FF1B63EB07006F55C3;
			productRefGroup = E12979091B63EB07006F55C3 /* Products */;
			projectDirPath = "";
			projectRoot = "";
			targets = (
				E12979071B63EB07006F55C3 /* dynamic-test */,
				E12979201B63EB07006F55C3 /* dynamic-testTests */,
			);
		};
/* End PBXProject section */

/* Begin PBXResourcesBuildPhase section */
		E12979061B63EB07006F55C3 /* Resources */ = {
			isa = PBXResourcesBuildPhase;
			buildActionMask = 2147483647;
			files = (
				E12979171B63EB07006F55C3 /* Main.storyboard in Resources */,
				E129791C1B63EB07006F55C3 /* LaunchScreen.xib in Resources */,
				E12979191B63EB07006F55C3 /* Images.xcassets in Resources */,
			);
			runOnlyForDeploymentPostprocessing = 0;
		};
		E129791F1B63EB07006F55C3 /* Resources */ = {
			isa = PBXResourcesBuildPhase;
			buildActionMask = 2147483647;
			files = (
			);
			runOnlyForDeploymentPostprocessing = 0;
		};
/* End PBXResourcesBuildPhase section */

/* Begin PBXSourcesBuildPhase section */
		E12979041B63EB07006F55C3 /* Sources */ = {
			isa = PBXSourcesBuildPhase;
			buildActionMask = 2147483647;
			files = (
				E12979141B63EB07006F55C3 /* ViewController.m in Sources */,
				E12979111B63EB07006F55C3 /* AppDelegate.m in Sources */,
				E129790E1B63EB07006F55C3 /* main.m in Sources */,
			);
			runOnlyForDeploymentPostprocessing = 0;
		};
		E129791D1B63EB07006F55C3 /* Sources */ = {
			isa = PBXSourcesBuildPhase;
			buildActionMask = 2147483647;
			files = (
				E12979281B63EB07006F55C3 /* dynamic_testTests.m in Sources */,
			);
			runOnlyForDeploymentPostprocessing = 0;
		};
/* End PBXSourcesBuildPhase section */

/* Begin PBXTargetDependency section */
		E12979231B63EB07006F55C3 /* PBXTargetDependency */ = {
			isa = PBXTargetDependency;
			target = E12979071B63EB07006F55C3 /* dynamic-test */;
			targetProxy = E12979221B63EB07006F55C3 /* PBXContainerItemProxy */;
		};
/* End PBXTargetDependency section */

/* Begin PBXVariantGroup section */
		E12979151B63EB07006F55C3 /* Main.storyboard */ = {
			isa = PBXVariantGroup;
			children = (
				E12979161B63EB07006F55C3 /* Base */,
			);
			name = Main.storyboard;
			sourceTree = "<group>";
		};
		E129791A1B63EB07006F55C3 /* LaunchScreen.xib */ = {
			isa = PBXVariantGroup;
			children = (
				E129791B1B63EB07006F55C3 /* Base */,
			);
			name = LaunchScreen.xib;
			sourceTree = "<group>";
		};
/* End PBXVariantGroup section */

/* Begin XCBuildConfiguration section */
		E12979291B63EB07006F55C3 /* Debug */ = {
			isa = XCBuildConfiguration;
			buildSettings = {
				ALWAYS_SEARCH_USER_PATHS = NO;
				CLANG_CXX_LANGUAGE_STANDARD = "gnu++0x";
				CLANG_CXX_LIBRARY = "libc++";
				CLANG_ENABLE_MODULES = YES;
				CLANG_ENABLE_OBJC_ARC = YES;
				CLANG_WARN_BOOL_CONVERSION = YES;
				CLANG_WARN_CONSTANT_CONVERSION = YES;
				CLANG_WARN_DIRECT_OBJC_ISA_USAGE = YES_ERROR;
				CLANG_WARN_EMPTY_BODY = YES;
				CLANG_WARN_ENUM_CONVERSION = YES;
				CLANG_WARN_INT_CONVERSION = YES;
				CLANG_WARN_OBJC_ROOT_CLASS = YES_ERROR;
				CLANG_WARN_UNREACHABLE_CODE = YES;
				CLANG_WARN__DUPLICATE_METHOD_MATCH = YES;
				"CODE_SIGN_IDENTITY[sdk=iphoneos*]" = "iPhone Developer";
				COPY_PHASE_STRIP = NO;
				DEBUG_INFORMATION_FORMAT = "dwarf-with-dsym";
				ENABLE_STRICT_OBJC_MSGSEND = YES;
				GCC_C_LANGUAGE_STANDARD = gnu99;
				GCC_DYNAMIC_NO_PIC = NO;
				GCC_NO_COMMON_BLOCKS = YES;
				GCC_OPTIMIZATION_LEVEL = 0;
				GCC_PREPROCESSOR_DEFINITIONS = (
					"DEBUG=1",
					"$(inherited)",
				);
				GCC_SYMBOLS_PRIVATE_EXTERN = NO;
				GCC_WARN_64_TO_32_BIT_CONVERSION = YES;
				GCC_WARN_ABOUT_RETURN_TYPE = YES_ERROR;
				GCC_WARN_UNDECLARED_SELECTOR = YES;
				GCC_WARN_UNINITIALIZED_AUTOS = YES_AGGRESSIVE;
				GCC_WARN_UNUSED_FUNCTION = YES;
				GCC_WARN_UNUSED_VARIABLE = YES;
				IPHONEOS_DEPLOYMENT_TARGET = 8.4;
				MTL_ENABLE_DEBUG_INFO = YES;
				ONLY_ACTIVE_ARCH = YES;
				SDKROOT = iphoneos;
				TARGETED_DEVICE_FAMILY = "1,2";
			};
			name = Debug;
		};
		E129792A1B63EB07006F55C3 /* Release */ = {
			isa = XCBuildConfiguration;
			buildSettings = {
				ALWAYS_SEARCH_USER_PATHS = NO;
				CLANG_CXX_LANGUAGE_STANDARD = "gnu++0x";
				CLANG_CXX_LIBRARY = "libc++";
				CLANG_ENABLE_MODULES = YES;
				CLANG_ENABLE_OBJC_ARC = YES;
				CLANG_WARN_BOOL_CONVERSION = YES;
				CLANG_WARN_CONSTANT_CONVERSION = YES;
				CLANG_WARN_DIRECT_OBJC_ISA_USAGE = YES_ERROR;
				CLANG_WARN_EMPTY_BODY = YES;
				CLANG_WARN_ENUM_CONVERSION = YES;
				CLANG_WARN_INT_CONVERSION = YES;
				CLANG_WARN_OBJC_ROOT_CLASS = YES_ERROR;
				CLANG_WARN_UNREACHABLE_CODE = YES;
				CLANG_WARN__DUPLICATE_METHOD_MATCH = YES;
				"CODE_SIGN_IDENTITY[sdk=iphoneos*]" = "iPhone Developer";
				COPY_PHASE_STRIP = NO;
				DEBUG_INFORMATION_FORMAT = "dwarf-with-dsym";
				ENABLE_NS_ASSERTIONS = NO;
				ENABLE_STRICT_OBJC_MSGSEND = YES;
				GCC_C_LANGUAGE_STANDARD = gnu99;
				GCC_NO_COMMON_BLOCKS = YES;
				GCC_WARN_64_TO_32_BIT_CONVERSION = YES;
				GCC_WARN_ABOUT_RETURN_TYPE = YES_ERROR;
				GCC_WARN_UNDECLARED_SELECTOR = YES;
				GCC_WARN_UNINITIALIZED_AUTOS = YES_AGGRESSIVE;
				GCC_WARN_UNUSED_FUNCTION = YES;
				GCC_WARN_UNUSED_VARIABLE = YES;
				IPHONEOS_DEPLOYMENT_TARGET = 8.4;
				MTL_ENABLE_DEBUG_INFO = NO;
				SDKROOT = iphoneos;
				TARGETED_DEVICE_FAMILY = "1,2";
				VALIDATE_PRODUCT = YES;
			};
			name = Release;
		};
		E129792C1B63EB07006F55C3 /* Debug */ = {
			isa = XCBuildConfiguration;
			buildSettings = {
				ASSETCATALOG_COMPILER_APPICON_NAME = AppIcon;
				INFOPLIST_FILE = "dynamic-test/Info.plist";
				LD_RUNPATH_SEARCH_PATHS = "$(inherited) @executable_path/Frameworks";
				PRODUCT_NAME = "$(TARGET_NAME)";
			};
			name = Debug;
		};
		E129792D1B63EB07006F55C3 /* Release */ = {
			isa = XCBuildConfiguration;
			buildSettings = {
				ASSETCATALOG_COMPILER_APPICON_NAME = AppIcon;
				INFOPLIST_FILE = "dynamic-test/Info.plist";
				LD_RUNPATH_SEARCH_PATHS = "$(inherited) @executable_path/Frameworks";
				PRODUCT_NAME = "$(TARGET_NAME)";
			};
			name = Release;
		};
		E129792F1B63EB07006F55C3 /* Debug */ = {
			isa = XCBuildConfiguration;
			buildSettings = {
				BUNDLE_LOADER = "$(TEST_HOST)";
				FRAMEWORK_SEARCH_PATHS = (
					"$(SDKROOT)/Developer/Library/Frameworks",
					"$(inherited)",
				);
				GCC_PREPROCESSOR_DEFINITIONS = (
					"DEBUG=1",
					"$(inherited)",
				);
				INFOPLIST_FILE = "dynamic-testTests/Info.plist";
				LD_RUNPATH_SEARCH_PATHS = "$(inherited) @executable_path/Frameworks @loader_path/Frameworks";
				PRODUCT_NAME = "$(TARGET_NAME)";
				TEST_HOST = "$(BUILT_PRODUCTS_DIR)/dynamic-test.app/dynamic-test";
			};
			name = Debug;
		};
		E12979301B63EB07006F55C3 /* Release */ = {
			isa = XCBuildConfiguration;
			buildSettings = {
				BUNDLE_LOADER = "$(TEST_HOST)";
				FRAMEWORK_SEARCH_PATHS = (
					"$(SDKROOT)/Developer/Library/Frameworks",
					"$(inherited)",
				);
				INFOPLIST_FILE = "dynamic-testTests/Info.plist";
				LD_RUNPATH_SEARCH_PATHS = "$(inherited) @executable_path/Frameworks @loader_path/Frameworks";
				PRODUCT_NAME = "$(TARGET_NAME)";
				TEST_HOST = "$(BUILT_PRODUCTS_DIR)/dynamic-test.app/dynamic-test";
			};
			name = Release;
		};
/* End XCBuildConfiguration section */

/* Begin XCConfigurationList section */
		E12979031B63EB07006F55C3 /* Build configuration list for PBXProject "dynamic-test" */ = {
			isa = XCConfigurationList;
			buildConfigurations = (
				E12979291B63EB07006F55C3 /* Debug */,
				E129792A1B63EB07006F55C3 /* Release */,
			);
			defaultConfigurationIsVisible = 0;
			defaultConfigurationName = Release;
		};
		E129792B1B63EB07006F55C3 /* Build configuration list for PBXNativeTarget "dynamic-test" */ = {
			isa = XCConfigurationList;
			buildConfigurations = (
				E129792C1B63EB07006F55C3 /* Debug */,
				E129792D1B63EB07006F55C3 /* Release */,
			);
			defaultConfigurationIsVisible = 0;
		};
		E129792E1B63EB07006F55C3 /* Build configuration list for PBXNativeTarget "dynamic-testTests" */ = {
			isa = XCConfigurationList;
			buildConfigurations = (
				E129792F1B63EB07006F55C3 /* Debug */,
				E12979301B63EB07006F55C3 /* Release */,
			);
			defaultConfigurationIsVisible = 0;
		};
/* End XCConfigurationList section */
	};
	rootObject = E12979001B63EB07006F55C3 /* Project object */;
}
